
Microsoft Visual Studio Solution File, Format Version 12.00
# Visual Studio Version 17
VisualStudioVersion = 17.4.33213.308
MinimumVisualStudioVersion = 10.0.40219.1
Project("{9A19103F-16F7-4668-BE54-9A1E7A4F7556}") = "nGLC", "nGLC.csproj", "{F78CE7C2-987B-48FF-89BD-89C38A988E88}"
	ProjectSection(ProjectDependencies) = postProject
		{2AA216F9-8F36-445E-87B3-03AF3156FC70} = {2AA216F9-8F36-445E-87B3-03AF3156FC70}
	EndProjectSection
EndProject
Project("{9A19103F-16F7-4668-BE54-9A1E7A4F7556}") = "Terminal.Gui", "..\Terminal.Gui\Terminal.Gui\Terminal.Gui.csproj", "{2AA216F9-8F36-445E-87B3-03AF3156FC70}"
EndProject
Global
	GlobalSection(SolutionConfigurationPlatforms) = preSolution
		Debug|Any CPU = Debug|Any CPU
		Release|Any CPU = Release|Any CPU
	EndGlobalSection
	GlobalSection(ProjectConfigurationPlatforms) = postSolution
		{F78CE7C2-987B-48FF-89BD-89C38A988E88}.Debug|Any CPU.ActiveCfg = Debug|Any CPU
		{F78CE7C2-987B-48FF-89BD-89C38A988E88}.Debug|Any CPU.Build.0 = Debug|Any CPU
		{F78CE7C2-987B-48FF-89BD-89C38A988E88}.Release|Any CPU.ActiveCfg = Release|Any CPU
		{F78CE7C2-987B-48FF-89BD-89C38A988E88}.Release|Any CPU.Build.0 = Release|Any CPU
		{2AA216F9-8F36-445E-87B3-03AF3156FC70}.Debug|Any CPU.ActiveCfg = Debug|Any CPU
		{2AA216F9-8F36-445E-87B3-03AF3156FC70}.Debug|Any CPU.Build.0 = Debug|Any CPU
		{2AA216F9-8F36-445E-87B3-03AF3156FC70}.Release|Any CPU.ActiveCfg = Release|Any CPU
		{2AA216F9-8F36-445E-87B3-03AF3156FC70}.Release|Any CPU.Build.0 = Release|Any CPU
	EndGlobalSection
	GlobalSection(SolutionProperties) = preSolution
		HideSolutionNode = FALSE
	EndGlobalSection
	GlobalSection(ExtensibilityGlobals) = postSolution
		SolutionGuid = {CE5D13EC-2BD9-469D-B374-49606A3BC7D4}
	EndGlobalSection
EndGlobal
